
Microsoft Visual Studio Solution File, Format Version 12.00
# Visual Studio Version 17
VisualStudioVersion = 17.3.32825.248
MinimumVisualStudioVersion = 10.0.40219.1
Project("{FAE04EC0-301F-11D3-BF4B-00C04F79EFBC}") = "ConsoleExemploWhile", "src\ConsoleExemploWhile\ConsoleExemploWhile.csproj", "{183077A4-ACBC-4A16-A843-A5F037AA30FD}"
EndProject
Global
	GlobalSection(SolutionConfigurationPlatforms) = preSolution
		Debug|Any CPU = Debug|Any CPU
		Release|Any CPU = Release|Any CPU
	EndGlobalSection
	GlobalSection(ProjectConfigurationPlatforms) = postSolution
		{183077A4-ACBC-4A16-A843-A5F037AA30FD}.Debug|Any CPU.ActiveCfg = Debug|Any CPU
		{183077A4-ACBC-4A16-A843-A5F037AA30FD}.Debug|Any CPU.Build.0 = Debug|Any CPU
		{183077A4-ACBC-4A16-A843-A5F037AA30FD}.Release|Any CPU.ActiveCfg = Release|Any CPU
		{183077A4-ACBC-4A16-A843-A5F037AA30FD}.Release|Any CPU.Build.0 = Release|Any CPU
	EndGlobalSection
	GlobalSection(SolutionProperties) = preSolution
		HideSolutionNode = FALSE
	EndGlobalSection
	GlobalSection(ExtensibilityGlobals) = postSolution
		SolutionGuid = {A165CBE6-FB85-42C1-BFE1-2B57A18CB4BB}
	EndGlobalSection
EndGlobal
