
Microsoft Visual Studio Solution File, Format Version 12.00
# Visual Studio Version 17
VisualStudioVersion = 17.3.32825.248
MinimumVisualStudioVersion = 10.0.40219.1
Project("{FAE04EC0-301F-11D3-BF4B-00C04F79EFBC}") = "Devs2Blu.ProjetosAula.SistemaCadastro.Forms", "src\Devs2Blu.ProjetosAula.SistemaCadastro.Forms\Devs2Blu.ProjetosAula.SistemaCadastro.Forms.csproj", "{33BB0F77-1CA5-47E7-8B1D-FAFA6F82D0DC}"
EndProject
Project("{FAE04EC0-301F-11D3-BF4B-00C04F79EFBC}") = "Devs2Blu.ProjetosAula.SistemaCadastro.Models", "src\Devs2Blu.ProjetosAula.OOP3.Models\Devs2Blu.ProjetosAula.SistemaCadastro.Models.csproj", "{C42ADBD2-C88D-4BA1-ADA2-0F5C70A5F229}"
EndProject
Global
	GlobalSection(SolutionConfigurationPlatforms) = preSolution
		Debug|Any CPU = Debug|Any CPU
		Release|Any CPU = Release|Any CPU
	EndGlobalSection
	GlobalSection(ProjectConfigurationPlatforms) = postSolution
		{33BB0F77-1CA5-47E7-8B1D-FAFA6F82D0DC}.Debug|Any CPU.ActiveCfg = Debug|Any CPU
		{33BB0F77-1CA5-47E7-8B1D-FAFA6F82D0DC}.Debug|Any CPU.Build.0 = Debug|Any CPU
		{33BB0F77-1CA5-47E7-8B1D-FAFA6F82D0DC}.Release|Any CPU.ActiveCfg = Release|Any CPU
		{33BB0F77-1CA5-47E7-8B1D-FAFA6F82D0DC}.Release|Any CPU.Build.0 = Release|Any CPU
		{C42ADBD2-C88D-4BA1-ADA2-0F5C70A5F229}.Debug|Any CPU.ActiveCfg = Debug|Any CPU
		{C42ADBD2-C88D-4BA1-ADA2-0F5C70A5F229}.Debug|Any CPU.Build.0 = Debug|Any CPU
		{C42ADBD2-C88D-4BA1-ADA2-0F5C70A5F229}.Release|Any CPU.ActiveCfg = Release|Any CPU
		{C42ADBD2-C88D-4BA1-ADA2-0F5C70A5F229}.Release|Any CPU.Build.0 = Release|Any CPU
	EndGlobalSection
	GlobalSection(SolutionProperties) = preSolution
		HideSolutionNode = FALSE
	EndGlobalSection
	GlobalSection(ExtensibilityGlobals) = postSolution
		SolutionGuid = {60B7702F-073A-48CF-AA79-A674276BDCCB}
	EndGlobalSection
EndGlobal
